
Microsoft Visual Studio Solution File, Format Version 12.00
# Visual Studio Version 17
VisualStudioVersion = 17.0.32014.148
MinimumVisualStudioVersion = 10.0.40219.1
Project("{FAE04EC0-301F-11D3-BF4B-00C04F79EFBC}") = "ApiGatewayService", "ApiGatewayService\ApiGatewayService.csproj", "{46F65BF7-9F54-4C09-9F06-2744CED5AEFB}"
EndProject
Global
	GlobalSection(SolutionConfigurationPlatforms) = preSolution
		Debug|Any CPU = Debug|Any CPU
		Release|Any CPU = Release|Any CPU
	EndGlobalSection
	GlobalSection(ProjectConfigurationPlatforms) = postSolution
		{46F65BF7-9F54-4C09-9F06-2744CED5AEFB}.Debug|Any CPU.ActiveCfg = Debug|Any CPU
		{46F65BF7-9F54-4C09-9F06-2744CED5AEFB}.Debug|Any CPU.Build.0 = Debug|Any CPU
		{46F65BF7-9F54-4C09-9F06-2744CED5AEFB}.Release|Any CPU.ActiveCfg = Release|Any CPU
		{46F65BF7-9F54-4C09-9F06-2744CED5AEFB}.Release|Any CPU.Build.0 = Release|Any CPU
	EndGlobalSection
	GlobalSection(SolutionProperties) = preSolution
		HideSolutionNode = FALSE
	EndGlobalSection
	GlobalSection(ExtensibilityGlobals) = postSolution
		SolutionGuid = {24B13982-90F8-407C-92B2-BC5ABFDBC850}
	EndGlobalSection
EndGlobal
